# This file is autogenerated, do not edit; changes may be undone by the next 'dep ensure'.


[[projects]]
  digest = "1:2f7f7dc60a1e4160196e4ba7e773ace2ffd874fedcc4e79682863892d6362e1f"
  name = "github.com/davecgh/go-spew"
  packages = ["spew"]
  pruneopts = "NU"
  revision = "8991bc29aa16c548c550c7ff78260e27b9ab7c73"
  version = "v1.1.1"

[[projects]]
  branch = "master"
  digest = "1:447bbc1adf6fa2de8b03e015f52c5aa85ce3ce6002535196bd1526c3242a5db8"
  name = "github.com/juju/errors"
  packages = ["."]
  pruneopts = "NU"
  revision = "d42613fe1ab9e303fc850e7a19fda2e8eeb6516e"

[[projects]]
  digest = "1:97f2e3987902ab89b6fe5cff761b3b318aed6fb3c0d9cc31986073e7fae2444a"
  name = "github.com/pmezard/go-difflib"
  packages = ["difflib"]
  pruneopts = "NU"
  revision = "792786c7400a136282c1664665ae0a8db921c6c2"
  version = "v1.0.0"

[[projects]]
  digest = "1:194d9d9885c653704f5568091b06d79b3a974f8302df171e40d8d4a2135faa63"
  name = "github.com/stretchr/testify"
  packages = ["assert"]
  pruneopts = "NU"
  revision = "3ebf1ddaeb260c4b1ae502a01c7844fa8c1fa0e9"
  version = "v1.5.1"

[[projects]]
  digest = "1:a677eef2bed11fd5e575387e6209f45fcc5ae972414f94698f36779e168ca4b7"
  name = "gopkg.in/yaml.v2"
  packages = ["."]
  pruneopts = "NU"
  revision = "53403b58ad1b561927d19068c655246f2db79d48"
  version = "v2.2.8"

[solve-meta]
  analyzer-name = "dep"
  analyzer-version = 1
  input-imports = [
    "github.com/juju/errors",
    "github.com/stretchr/testify/assert",
  ]
  solver-name = "gps-cdcl"
  solver-version = 1
